
Microsoft Visual Studio Solution File, Format Version 12.00
# Visual Studio Version 16
VisualStudioVersion = 16.0.29306.81
MinimumVisualStudioVersion = 10.0.40219.1
Project("{FAE04EC0-301F-11D3-BF4B-00C04F79EFBC}") = "Algorithm_Complexity_App", "Algorithm_Complexity_App.csproj", "{57C4D1F2-DD71-4987-9160-5E8260556484}"
EndProject
Global
	GlobalSection(SolutionConfigurationPlatforms) = preSolution
		Debug|Any CPU = Debug|Any CPU
		Release|Any CPU = Release|Any CPU
	EndGlobalSection
	GlobalSection(ProjectConfigurationPlatforms) = postSolution
		{57C4D1F2-DD71-4987-9160-5E8260556484}.Debug|Any CPU.ActiveCfg = Debug|Any CPU
		{57C4D1F2-DD71-4987-9160-5E8260556484}.Debug|Any CPU.Build.0 = Debug|Any CPU
		{57C4D1F2-DD71-4987-9160-5E8260556484}.Release|Any CPU.ActiveCfg = Release|Any CPU
		{57C4D1F2-DD71-4987-9160-5E8260556484}.Release|Any CPU.Build.0 = Release|Any CPU
	EndGlobalSection
	GlobalSection(SolutionProperties) = preSolution
		HideSolutionNode = FALSE
	EndGlobalSection
	GlobalSection(ExtensibilityGlobals) = postSolution
		SolutionGuid = {751621B0-51F4-46E2-957C-46E9CAAC3DAE}
	EndGlobalSection
EndGlobal
